
Microsoft Visual Studio Solution File, Format Version 12.00
# Visual Studio Version 17
VisualStudioVersion = 17.6.33829.357
MinimumVisualStudioVersion = 10.0.40219.1
Project("{FAE04EC0-301F-11D3-BF4B-00C04F79EFBC}") = "Assignment2", "Assignment2.csproj", "{12926F01-4883-4501-AF0D-0FF8D647E9A4}"
EndProject
Global
	GlobalSection(SolutionConfigurationPlatforms) = preSolution
		Debug|Any CPU = Debug|Any CPU
		Release|Any CPU = Release|Any CPU
	EndGlobalSection
	GlobalSection(ProjectConfigurationPlatforms) = postSolution
		{12926F01-4883-4501-AF0D-0FF8D647E9A4}.Debug|Any CPU.ActiveCfg = Debug|Any CPU
		{12926F01-4883-4501-AF0D-0FF8D647E9A4}.Debug|Any CPU.Build.0 = Debug|Any CPU
		{12926F01-4883-4501-AF0D-0FF8D647E9A4}.Release|Any CPU.ActiveCfg = Release|Any CPU
		{12926F01-4883-4501-AF0D-0FF8D647E9A4}.Release|Any CPU.Build.0 = Release|Any CPU
	EndGlobalSection
	GlobalSection(SolutionProperties) = preSolution
		HideSolutionNode = FALSE
	EndGlobalSection
	GlobalSection(ExtensibilityGlobals) = postSolution
		SolutionGuid = {882DFE56-A1CE-4554-9E29-E6894AC3E394}
	EndGlobalSection
EndGlobal
